
Microsoft Visual Studio Solution File, Format Version 12.00
# Visual Studio Version 17
VisualStudioVersion = 17.8.34330.188
MinimumVisualStudioVersion = 10.0.40219.1
Project("{9A19103F-16F7-4668-BE54-9A1E7A4F7556}") = "EMS", "EMS.WebApi\EMS.csproj", "{0D8A9603-651C-4235-A43D-7BC56946AE71}"
EndProject
Project("{9A19103F-16F7-4668-BE54-9A1E7A4F7556}") = "EMS.BusinessLayer", "EMS.BusinessLayer\EMS.BusinessLayer.csproj", "{77E657F1-D724-4772-8A8C-E3E03296045B}"
EndProject
Project("{9A19103F-16F7-4668-BE54-9A1E7A4F7556}") = "EMS.DataAccessLayer", "EMS.DataAccessLayer\EMS.DataAccessLayer.csproj", "{6C318687-6EFB-4588-A0F5-A841B5AFBD71}"
EndProject
Project("{9A19103F-16F7-4668-BE54-9A1E7A4F7556}") = "EMS.Models", "EMS.Models\EMS.Models.csproj", "{5F35B198-BDED-43D1-BF4C-B12463193C50}"
EndProject
Project("{9A19103F-16F7-4668-BE54-9A1E7A4F7556}") = "BlazorUI", "..\BlazorUI\BlazorUI.csproj", "{726DB3A9-7105-45A2-8749-33EC41CB693C}"
EndProject
Global
	GlobalSection(SolutionConfigurationPlatforms) = preSolution
		Debug|Any CPU = Debug|Any CPU
		Release|Any CPU = Release|Any CPU
	EndGlobalSection
	GlobalSection(ProjectConfigurationPlatforms) = postSolution
		{0D8A9603-651C-4235-A43D-7BC56946AE71}.Debug|Any CPU.ActiveCfg = Debug|Any CPU
		{0D8A9603-651C-4235-A43D-7BC56946AE71}.Debug|Any CPU.Build.0 = Debug|Any CPU
		{0D8A9603-651C-4235-A43D-7BC56946AE71}.Release|Any CPU.ActiveCfg = Release|Any CPU
		{0D8A9603-651C-4235-A43D-7BC56946AE71}.Release|Any CPU.Build.0 = Release|Any CPU
		{77E657F1-D724-4772-8A8C-E3E03296045B}.Debug|Any CPU.ActiveCfg = Debug|Any CPU
		{77E657F1-D724-4772-8A8C-E3E03296045B}.Debug|Any CPU.Build.0 = Debug|Any CPU
		{77E657F1-D724-4772-8A8C-E3E03296045B}.Release|Any CPU.ActiveCfg = Release|Any CPU
		{77E657F1-D724-4772-8A8C-E3E03296045B}.Release|Any CPU.Build.0 = Release|Any CPU
		{6C318687-6EFB-4588-A0F5-A841B5AFBD71}.Debug|Any CPU.ActiveCfg = Debug|Any CPU
		{6C318687-6EFB-4588-A0F5-A841B5AFBD71}.Debug|Any CPU.Build.0 = Debug|Any CPU
		{6C318687-6EFB-4588-A0F5-A841B5AFBD71}.Release|Any CPU.ActiveCfg = Release|Any CPU
		{6C318687-6EFB-4588-A0F5-A841B5AFBD71}.Release|Any CPU.Build.0 = Release|Any CPU
		{5F35B198-BDED-43D1-BF4C-B12463193C50}.Debug|Any CPU.ActiveCfg = Debug|Any CPU
		{5F35B198-BDED-43D1-BF4C-B12463193C50}.Debug|Any CPU.Build.0 = Debug|Any CPU
		{5F35B198-BDED-43D1-BF4C-B12463193C50}.Release|Any CPU.ActiveCfg = Release|Any CPU
		{5F35B198-BDED-43D1-BF4C-B12463193C50}.Release|Any CPU.Build.0 = Release|Any CPU
		{726DB3A9-7105-45A2-8749-33EC41CB693C}.Debug|Any CPU.ActiveCfg = Debug|Any CPU
		{726DB3A9-7105-45A2-8749-33EC41CB693C}.Debug|Any CPU.Build.0 = Debug|Any CPU
		{726DB3A9-7105-45A2-8749-33EC41CB693C}.Release|Any CPU.ActiveCfg = Release|Any CPU
		{726DB3A9-7105-45A2-8749-33EC41CB693C}.Release|Any CPU.Build.0 = Release|Any CPU
	EndGlobalSection
	GlobalSection(SolutionProperties) = preSolution
		HideSolutionNode = FALSE
	EndGlobalSection
	GlobalSection(ExtensibilityGlobals) = postSolution
		SolutionGuid = {7DC4045D-845D-4020-B351-2B29E80172D6}
	EndGlobalSection
EndGlobal
